
Microsoft Visual Studio Solution File, Format Version 12.00
# Visual Studio Version 17
VisualStudioVersion = 17.2.32630.192
MinimumVisualStudioVersion = 10.0.40219.1
Project("{2150E333-8FDC-42A3-9474-1A3956D46DE8}") = "Solution Items", "Solution Items", "{9905EAAA-C7F9-4653-8F28-9E8B8CA3FDC4}"
	ProjectSection(SolutionItems) = preProject
		.github\workflows\build.yml = .github\workflows\build.yml
		README.md = README.md
	EndProjectSection
EndProject
Project("{2150E333-8FDC-42A3-9474-1A3956D46DE8}") = "Tests", "Tests", "{550DFE6B-0FAC-4C3E-A12C-47DFCFC78172}"
EndProject
Project("{8BC9CEB8-8B4A-11D0-8D11-00A0C91BC942}") = "LibC-Shim", "LibC-Shim\LibC-Shim.vcxproj", "{274E4CCD-578F-4645-A3A5-9773423D2CA1}"
EndProject
Project("{8BC9CEB8-8B4A-11D0-8D11-00A0C91BC942}") = "LibJS", "LibJS\LibJS.vcxproj", "{429E1151-2338-4D6D-B154-C3C8195158A9}"
EndProject
Project("{8BC9CEB8-8B4A-11D0-8D11-00A0C91BC942}") = "TestApp", "TestApp\TestApp.vcxproj", "{D79FA7F2-A558-4B09-9023-4EFEA919A6F5}"
EndProject
Global
	GlobalSection(SolutionConfigurationPlatforms) = preSolution
		Debug|ARM = Debug|ARM
		Debug|ARM64 = Debug|ARM64
		Debug|x64 = Debug|x64
		Debug|x86 = Debug|x86
		Release|ARM = Release|ARM
		Release|ARM64 = Release|ARM64
		Release|x64 = Release|x64
		Release|x86 = Release|x86
	EndGlobalSection
	GlobalSection(ProjectConfigurationPlatforms) = postSolution
		{274E4CCD-578F-4645-A3A5-9773423D2CA1}.Debug|ARM.ActiveCfg = Debug|ARM
		{274E4CCD-578F-4645-A3A5-9773423D2CA1}.Debug|ARM.Build.0 = Debug|ARM
		{274E4CCD-578F-4645-A3A5-9773423D2CA1}.Debug|ARM64.ActiveCfg = Debug|x64
		{274E4CCD-578F-4645-A3A5-9773423D2CA1}.Debug|ARM64.Build.0 = Debug|x64
		{274E4CCD-578F-4645-A3A5-9773423D2CA1}.Debug|x64.ActiveCfg = Debug|x64
		{274E4CCD-578F-4645-A3A5-9773423D2CA1}.Debug|x64.Build.0 = Debug|x64
		{274E4CCD-578F-4645-A3A5-9773423D2CA1}.Debug|x86.ActiveCfg = Debug|Win32
		{274E4CCD-578F-4645-A3A5-9773423D2CA1}.Debug|x86.Build.0 = Debug|Win32
		{274E4CCD-578F-4645-A3A5-9773423D2CA1}.Release|ARM.ActiveCfg = Release|ARM
		{274E4CCD-578F-4645-A3A5-9773423D2CA1}.Release|ARM.Build.0 = Release|ARM
		{274E4CCD-578F-4645-A3A5-9773423D2CA1}.Release|ARM64.ActiveCfg = Release|x64
		{274E4CCD-578F-4645-A3A5-9773423D2CA1}.Release|ARM64.Build.0 = Release|x64
		{274E4CCD-578F-4645-A3A5-9773423D2CA1}.Release|x64.ActiveCfg = Release|x64
		{274E4CCD-578F-4645-A3A5-9773423D2CA1}.Release|x64.Build.0 = Release|x64
		{274E4CCD-578F-4645-A3A5-9773423D2CA1}.Release|x86.ActiveCfg = Release|Win32
		{274E4CCD-578F-4645-A3A5-9773423D2CA1}.Release|x86.Build.0 = Release|Win32
		{429E1151-2338-4D6D-B154-C3C8195158A9}.Debug|ARM.ActiveCfg = Debug|ARM
		{429E1151-2338-4D6D-B154-C3C8195158A9}.Debug|ARM.Build.0 = Debug|ARM
		{429E1151-2338-4D6D-B154-C3C8195158A9}.Debug|ARM64.ActiveCfg = Debug|ARM64
		{429E1151-2338-4D6D-B154-C3C8195158A9}.Debug|ARM64.Build.0 = Debug|ARM64
		{429E1151-2338-4D6D-B154-C3C8195158A9}.Debug|x64.ActiveCfg = Debug|x64
		{429E1151-2338-4D6D-B154-C3C8195158A9}.Debug|x64.Build.0 = Debug|x64
		{429E1151-2338-4D6D-B154-C3C8195158A9}.Debug|x86.ActiveCfg = Debug|Win32
		{429E1151-2338-4D6D-B154-C3C8195158A9}.Debug|x86.Build.0 = Debug|Win32
		{429E1151-2338-4D6D-B154-C3C8195158A9}.Release|ARM.ActiveCfg = Release|ARM
		{429E1151-2338-4D6D-B154-C3C8195158A9}.Release|ARM.Build.0 = Release|ARM
		{429E1151-2338-4D6D-B154-C3C8195158A9}.Release|ARM64.ActiveCfg = Release|ARM64
		{429E1151-2338-4D6D-B154-C3C8195158A9}.Release|ARM64.Build.0 = Release|ARM64
		{429E1151-2338-4D6D-B154-C3C8195158A9}.Release|x64.ActiveCfg = Release|x64
		{429E1151-2338-4D6D-B154-C3C8195158A9}.Release|x64.Build.0 = Release|x64
		{429E1151-2338-4D6D-B154-C3C8195158A9}.Release|x86.ActiveCfg = Release|Win32
		{429E1151-2338-4D6D-B154-C3C8195158A9}.Release|x86.Build.0 = Release|Win32
		{D79FA7F2-A558-4B09-9023-4EFEA919A6F5}.Debug|ARM.ActiveCfg = Debug|ARM
		{D79FA7F2-A558-4B09-9023-4EFEA919A6F5}.Debug|ARM.Build.0 = Debug|ARM
		{D79FA7F2-A558-4B09-9023-4EFEA919A6F5}.Debug|ARM.Deploy.0 = Debug|ARM
		{D79FA7F2-A558-4B09-9023-4EFEA919A6F5}.Debug|ARM64.ActiveCfg = Debug|ARM64
		{D79FA7F2-A558-4B09-9023-4EFEA919A6F5}.Debug|ARM64.Build.0 = Debug|ARM64
		{D79FA7F2-A558-4B09-9023-4EFEA919A6F5}.Debug|ARM64.Deploy.0 = Debug|ARM64
		{D79FA7F2-A558-4B09-9023-4EFEA919A6F5}.Debug|x64.ActiveCfg = Debug|x64
		{D79FA7F2-A558-4B09-9023-4EFEA919A6F5}.Debug|x64.Build.0 = Debug|x64
		{D79FA7F2-A558-4B09-9023-4EFEA919A6F5}.Debug|x64.Deploy.0 = Debug|x64
		{D79FA7F2-A558-4B09-9023-4EFEA919A6F5}.Debug|x86.ActiveCfg = Debug|Win32
		{D79FA7F2-A558-4B09-9023-4EFEA919A6F5}.Debug|x86.Build.0 = Debug|Win32
		{D79FA7F2-A558-4B09-9023-4EFEA919A6F5}.Debug|x86.Deploy.0 = Debug|Win32
		{D79FA7F2-A558-4B09-9023-4EFEA919A6F5}.Release|ARM.ActiveCfg = Release|ARM
		{D79FA7F2-A558-4B09-9023-4EFEA919A6F5}.Release|ARM.Build.0 = Release|ARM
		{D79FA7F2-A558-4B09-9023-4EFEA919A6F5}.Release|ARM.Deploy.0 = Release|ARM
		{D79FA7F2-A558-4B09-9023-4EFEA919A6F5}.Release|ARM64.ActiveCfg = Release|ARM64
		{D79FA7F2-A558-4B09-9023-4EFEA919A6F5}.Release|ARM64.Build.0 = Release|ARM64
		{D79FA7F2-A558-4B09-9023-4EFEA919A6F5}.Release|ARM64.Deploy.0 = Release|ARM64
		{D79FA7F2-A558-4B09-9023-4EFEA919A6F5}.Release|x64.ActiveCfg = Release|x64
		{D79FA7F2-A558-4B09-9023-4EFEA919A6F5}.Release|x64.Build.0 = Release|x64
		{D79FA7F2-A558-4B09-9023-4EFEA919A6F5}.Release|x64.Deploy.0 = Release|x64
		{D79FA7F2-A558-4B09-9023-4EFEA919A6F5}.Release|x86.ActiveCfg = Release|Win32
		{D79FA7F2-A558-4B09-9023-4EFEA919A6F5}.Release|x86.Build.0 = Release|Win32
		{D79FA7F2-A558-4B09-9023-4EFEA919A6F5}.Release|x86.Deploy.0 = Release|Win32
	EndGlobalSection
	GlobalSection(SolutionProperties) = preSolution
		HideSolutionNode = FALSE
	EndGlobalSection
	GlobalSection(ExtensibilityGlobals) = postSolution
		SolutionGuid = {79CBDAA6-18A0-4BE5-9506-CDA41EFD93B5}
	EndGlobalSection
EndGlobal
