
Microsoft Visual Studio Solution File, Format Version 12.00
# Visual Studio Version 17
VisualStudioVersion = 17.2.32630.192
MinimumVisualStudioVersion = 10.0.40219.1
Project("{8BC9CEB8-8B4A-11D0-8D11-00A0C91BC942}") = "LibC", "LibC\LibC.vcxproj", "{FCC97D82-42C3-43CF-B50D-6C192B445E7F}"
	ProjectSection(ProjectDependencies) = postProject
		{13697B8F-0074-48FD-85DA-4860ABB6014B} = {13697B8F-0074-48FD-85DA-4860ABB6014B}
	EndProjectSection
EndProject
Project("{8BC9CEB8-8B4A-11D0-8D11-00A0C91BC942}") = "LibWeb", "LibWeb\LibWeb.vcxproj", "{46C108A9-D1B8-4896-9FA2-C639DCA45091}"
	ProjectSection(ProjectDependencies) = postProject
		{13697B8F-0074-48FD-85DA-4860ABB6014B} = {13697B8F-0074-48FD-85DA-4860ABB6014B}
		{55E7171F-EF24-4A3D-8B50-00EE384AEAE5} = {55E7171F-EF24-4A3D-8B50-00EE384AEAE5}
		{FCC97D82-42C3-43CF-B50D-6C192B445E7F} = {FCC97D82-42C3-43CF-B50D-6C192B445E7F}
	EndProjectSection
EndProject
Project("{8BC9CEB8-8B4A-11D0-8D11-00A0C91BC942}") = "LibJS", "LibJS\LibJS.vcxproj", "{55E7171F-EF24-4A3D-8B50-00EE384AEAE5}"
	ProjectSection(ProjectDependencies) = postProject
		{13697B8F-0074-48FD-85DA-4860ABB6014B} = {13697B8F-0074-48FD-85DA-4860ABB6014B}
		{FCC97D82-42C3-43CF-B50D-6C192B445E7F} = {FCC97D82-42C3-43CF-B50D-6C192B445E7F}
	EndProjectSection
EndProject
Project("{8BC9CEB8-8B4A-11D0-8D11-00A0C91BC942}") = "AK", "AK\AK.vcxproj", "{13697B8F-0074-48FD-85DA-4860ABB6014B}"
EndProject
Global
	GlobalSection(SolutionConfigurationPlatforms) = preSolution
		Debug|ARM = Debug|ARM
		Debug|x64 = Debug|x64
		Debug|x86 = Debug|x86
		Release|ARM = Release|ARM
		Release|x64 = Release|x64
		Release|x86 = Release|x86
	EndGlobalSection
	GlobalSection(ProjectConfigurationPlatforms) = postSolution
		{FCC97D82-42C3-43CF-B50D-6C192B445E7F}.Debug|ARM.ActiveCfg = Debug|ARM
		{FCC97D82-42C3-43CF-B50D-6C192B445E7F}.Debug|ARM.Build.0 = Debug|ARM
		{FCC97D82-42C3-43CF-B50D-6C192B445E7F}.Debug|x64.ActiveCfg = Debug|x64
		{FCC97D82-42C3-43CF-B50D-6C192B445E7F}.Debug|x64.Build.0 = Debug|x64
		{FCC97D82-42C3-43CF-B50D-6C192B445E7F}.Debug|x86.ActiveCfg = Debug|Win32
		{FCC97D82-42C3-43CF-B50D-6C192B445E7F}.Debug|x86.Build.0 = Debug|Win32
		{FCC97D82-42C3-43CF-B50D-6C192B445E7F}.Release|ARM.ActiveCfg = Release|ARM
		{FCC97D82-42C3-43CF-B50D-6C192B445E7F}.Release|ARM.Build.0 = Release|ARM
		{FCC97D82-42C3-43CF-B50D-6C192B445E7F}.Release|x64.ActiveCfg = Release|x64
		{FCC97D82-42C3-43CF-B50D-6C192B445E7F}.Release|x64.Build.0 = Release|x64
		{FCC97D82-42C3-43CF-B50D-6C192B445E7F}.Release|x86.ActiveCfg = Release|Win32
		{FCC97D82-42C3-43CF-B50D-6C192B445E7F}.Release|x86.Build.0 = Release|Win32
		{46C108A9-D1B8-4896-9FA2-C639DCA45091}.Debug|ARM.ActiveCfg = Debug|ARM
		{46C108A9-D1B8-4896-9FA2-C639DCA45091}.Debug|ARM.Build.0 = Debug|ARM
		{46C108A9-D1B8-4896-9FA2-C639DCA45091}.Debug|x64.ActiveCfg = Debug|x64
		{46C108A9-D1B8-4896-9FA2-C639DCA45091}.Debug|x64.Build.0 = Debug|x64
		{46C108A9-D1B8-4896-9FA2-C639DCA45091}.Debug|x86.ActiveCfg = Debug|Win32
		{46C108A9-D1B8-4896-9FA2-C639DCA45091}.Debug|x86.Build.0 = Debug|Win32
		{46C108A9-D1B8-4896-9FA2-C639DCA45091}.Release|ARM.ActiveCfg = Release|ARM
		{46C108A9-D1B8-4896-9FA2-C639DCA45091}.Release|ARM.Build.0 = Release|ARM
		{46C108A9-D1B8-4896-9FA2-C639DCA45091}.Release|x64.ActiveCfg = Release|x64
		{46C108A9-D1B8-4896-9FA2-C639DCA45091}.Release|x64.Build.0 = Release|x64
		{46C108A9-D1B8-4896-9FA2-C639DCA45091}.Release|x86.ActiveCfg = Release|Win32
		{46C108A9-D1B8-4896-9FA2-C639DCA45091}.Release|x86.Build.0 = Release|Win32
		{55E7171F-EF24-4A3D-8B50-00EE384AEAE5}.Debug|ARM.ActiveCfg = Debug|ARM
		{55E7171F-EF24-4A3D-8B50-00EE384AEAE5}.Debug|ARM.Build.0 = Debug|ARM
		{55E7171F-EF24-4A3D-8B50-00EE384AEAE5}.Debug|x64.ActiveCfg = Debug|x64
		{55E7171F-EF24-4A3D-8B50-00EE384AEAE5}.Debug|x64.Build.0 = Debug|x64
		{55E7171F-EF24-4A3D-8B50-00EE384AEAE5}.Debug|x86.ActiveCfg = Debug|Win32
		{55E7171F-EF24-4A3D-8B50-00EE384AEAE5}.Debug|x86.Build.0 = Debug|Win32
		{55E7171F-EF24-4A3D-8B50-00EE384AEAE5}.Release|ARM.ActiveCfg = Release|ARM
		{55E7171F-EF24-4A3D-8B50-00EE384AEAE5}.Release|ARM.Build.0 = Release|ARM
		{55E7171F-EF24-4A3D-8B50-00EE384AEAE5}.Release|x64.ActiveCfg = Release|x64
		{55E7171F-EF24-4A3D-8B50-00EE384AEAE5}.Release|x64.Build.0 = Release|x64
		{55E7171F-EF24-4A3D-8B50-00EE384AEAE5}.Release|x86.ActiveCfg = Release|Win32
		{55E7171F-EF24-4A3D-8B50-00EE384AEAE5}.Release|x86.Build.0 = Release|Win32
		{13697B8F-0074-48FD-85DA-4860ABB6014B}.Debug|ARM.ActiveCfg = Debug|ARM
		{13697B8F-0074-48FD-85DA-4860ABB6014B}.Debug|ARM.Build.0 = Debug|ARM
		{13697B8F-0074-48FD-85DA-4860ABB6014B}.Debug|x64.ActiveCfg = Debug|x64
		{13697B8F-0074-48FD-85DA-4860ABB6014B}.Debug|x64.Build.0 = Debug|x64
		{13697B8F-0074-48FD-85DA-4860ABB6014B}.Debug|x86.ActiveCfg = Debug|Win32
		{13697B8F-0074-48FD-85DA-4860ABB6014B}.Debug|x86.Build.0 = Debug|Win32
		{13697B8F-0074-48FD-85DA-4860ABB6014B}.Release|ARM.ActiveCfg = Release|ARM
		{13697B8F-0074-48FD-85DA-4860ABB6014B}.Release|ARM.Build.0 = Release|ARM
		{13697B8F-0074-48FD-85DA-4860ABB6014B}.Release|x64.ActiveCfg = Release|x64
		{13697B8F-0074-48FD-85DA-4860ABB6014B}.Release|x64.Build.0 = Release|x64
		{13697B8F-0074-48FD-85DA-4860ABB6014B}.Release|x86.ActiveCfg = Release|Win32
		{13697B8F-0074-48FD-85DA-4860ABB6014B}.Release|x86.Build.0 = Release|Win32
	EndGlobalSection
	GlobalSection(SolutionProperties) = preSolution
		HideSolutionNode = FALSE
	EndGlobalSection
	GlobalSection(ExtensibilityGlobals) = postSolution
		SolutionGuid = {79CBDAA6-18A0-4BE5-9506-CDA41EFD93B5}
	EndGlobalSection
EndGlobal
